# THIS IS AN AUTOGENERATED FILE. DO NOT EDIT THIS FILE DIRECTLY.
# yarn lockfile v1


angular-animate@^1.6.0:
  version "1.6.0"
  resolved "https://registry.yarnpkg.com/angular-animate/-/angular-animate-1.6.0.tgz#448f754afaf8f56f1655cee8dab2aa8ddae4dacc"

angular-aria@^1.6.0:
  version "1.6.0"
  resolved "https://registry.yarnpkg.com/angular-aria/-/angular-aria-1.6.0.tgz#d4be04d286b380ed5f52120a7fde3d595c2b2f70"

angular-material@^1.1.1:
  version "1.1.1"
  resolved "https://registry.yarnpkg.com/angular-material/-/angular-material-1.1.1.tgz#ed12f394ba71a9189d664115624f6787a7439af2"

angular@^1.6.0:
  version "1.6.0"
  resolved "https://registry.yarnpkg.com/angular/-/angular-1.6.0.tgz#16c5edebd0a342046bd5281cca2decf04c40df76"
