# THIS IS AN AUTOGENERATED FILE. DO NOT EDIT THIS FILE DIRECTLY.
# yarn lockfile v1


angular-animate@^1.5.9:
  version "1.5.9"
  resolved "https://registry.yarnpkg.com/angular-animate/-/angular-animate-1.5.9.tgz#c958d524f9333a48abdaefb32947c7e611f54453"

angular-aria@^1.5.9:
  version "1.5.9"
  resolved "https://registry.yarnpkg.com/angular-aria/-/angular-aria-1.5.9.tgz#cef4936fbcf8dbf7ecdabc5b475da59d98b3694b"

angular-material@^1.1.1:
  version "1.1.1"
  resolved "https://registry.yarnpkg.com/angular-material/-/angular-material-1.1.1.tgz#ed12f394ba71a9189d664115624f6787a7439af2"

angular@^1.5.9:
  version "1.5.9"
  resolved "https://registry.yarnpkg.com/angular/-/angular-1.5.9.tgz#b7aeff42dad87881e06be16b6690fe766d868b51"
